
Microsoft Visual Studio Solution File, Format Version 12.00
# Visual Studio Version 16
VisualStudioVersion = 16.0.30611.23
MinimumVisualStudioVersion = 10.0.40219.1
Project("{8BC9CEB8-8B4A-11D0-8D11-00A0C91BC942}") = "C-Gomoku", "C-Gomoku.vcxproj", "{C5CBC7DA-4F04-4F4E-A9C9-44ED9052F4CD}"
EndProject
Global
	GlobalSection(SolutionConfigurationPlatforms) = preSolution
		Debug|x64 = Debug|x64
		Debug|x86 = Debug|x86
		Release|x64 = Release|x64
		Release|x86 = Release|x86
	EndGlobalSection
	GlobalSection(ProjectConfigurationPlatforms) = postSolution
		{C5CBC7DA-4F04-4F4E-A9C9-44ED9052F4CD}.Debug|x64.ActiveCfg = Debug|x64
		{C5CBC7DA-4F04-4F4E-A9C9-44ED9052F4CD}.Debug|x64.Build.0 = Debug|x64
		{C5CBC7DA-4F04-4F4E-A9C9-44ED9052F4CD}.Debug|x86.ActiveCfg = Debug|Win32
		{C5CBC7DA-4F04-4F4E-A9C9-44ED9052F4CD}.Debug|x86.Build.0 = Debug|Win32
		{C5CBC7DA-4F04-4F4E-A9C9-44ED9052F4CD}.Release|x64.ActiveCfg = Release|x64
		{C5CBC7DA-4F04-4F4E-A9C9-44ED9052F4CD}.Release|x64.Build.0 = Release|x64
		{C5CBC7DA-4F04-4F4E-A9C9-44ED9052F4CD}.Release|x86.ActiveCfg = Release|Win32
		{C5CBC7DA-4F04-4F4E-A9C9-44ED9052F4CD}.Release|x86.Build.0 = Release|Win32
	EndGlobalSection
	GlobalSection(SolutionProperties) = preSolution
		HideSolutionNode = FALSE
	EndGlobalSection
	GlobalSection(ExtensibilityGlobals) = postSolution
		SolutionGuid = {E7705FD3-05FE-42DC-B20C-31792F4DBA52}
	EndGlobalSection
EndGlobal
